
Microsoft Visual Studio Solution File, Format Version 12.00
# Visual Studio Version 17
VisualStudioVersion = 17.1.32210.238
MinimumVisualStudioVersion = 10.0.40219.1
Project("{9A19103F-16F7-4668-BE54-9A1E7A4F7556}") = "WebApi", "WebApi\WebApi.csproj", "{710BB926-CDF0-40AE-9B09-44113A39FEC0}"
EndProject
Project("{2150E333-8FDC-42A3-9474-1A3956D46DE8}") = "Business", "Business", "{7D153FEC-B098-4556-BAAA-3F57E8A303E3}"
EndProject
Project("{2150E333-8FDC-42A3-9474-1A3956D46DE8}") = "Contracts", "Contracts", "{4289D237-96CF-45AA-B001-486435C79207}"
EndProject
Project("{2150E333-8FDC-42A3-9474-1A3956D46DE8}") = "Persistance", "Persistance", "{3BB5503E-4849-4470-B905-6718E5FE1DDC}"
EndProject
Project("{9A19103F-16F7-4668-BE54-9A1E7A4F7556}") = "Abstractions", "Business\Abstractions\Abstractions.csproj", "{45D1ED4F-078A-43C4-9855-F987BEE7C1EE}"
EndProject
Project("{9A19103F-16F7-4668-BE54-9A1E7A4F7556}") = "Domain", "Business\Domain\Domain.csproj", "{2CE86E3C-8540-40F2-AD91-F96A6CAF2C3D}"
EndProject
Project("{9A19103F-16F7-4668-BE54-9A1E7A4F7556}") = "IoC", "Business\IoC\IoC.csproj", "{99200CB1-22D2-44F8-9CA1-7201C924E5A6}"
EndProject
Project("{2150E333-8FDC-42A3-9474-1A3956D46DE8}") = "Taxes", "Taxes", "{EAA5422E-CCA5-45BC-B227-FE521B9F6357}"
EndProject
Project("{9A19103F-16F7-4668-BE54-9A1E7A4F7556}") = "Contracts", "Contracts\Taxes\Contracts\Contracts.csproj", "{CE6FC957-A756-4F5E-B8A2-91841E931225}"
EndProject
Project("{9A19103F-16F7-4668-BE54-9A1E7A4F7556}") = "Abstractions", "Persistance\Abstractions\Abstractions.csproj", "{B7465BBD-F7F0-41F9-83BC-B1F59083E04C}"
EndProject
Project("{9A19103F-16F7-4668-BE54-9A1E7A4F7556}") = "IoC", "Persistance\IoC\IoC.csproj", "{9A28D721-2ADD-42AD-ADE0-748AE05E5073}"
EndProject
Project("{9A19103F-16F7-4668-BE54-9A1E7A4F7556}") = "Sql", "Persistance\Sql\Sql.csproj", "{3542B43C-736A-4184-9F93-1A07B93F78EA}"
EndProject
Global
	GlobalSection(SolutionConfigurationPlatforms) = preSolution
		Debug|Any CPU = Debug|Any CPU
		Release|Any CPU = Release|Any CPU
	EndGlobalSection
	GlobalSection(ProjectConfigurationPlatforms) = postSolution
		{710BB926-CDF0-40AE-9B09-44113A39FEC0}.Debug|Any CPU.ActiveCfg = Debug|Any CPU
		{710BB926-CDF0-40AE-9B09-44113A39FEC0}.Debug|Any CPU.Build.0 = Debug|Any CPU
		{710BB926-CDF0-40AE-9B09-44113A39FEC0}.Release|Any CPU.ActiveCfg = Release|Any CPU
		{710BB926-CDF0-40AE-9B09-44113A39FEC0}.Release|Any CPU.Build.0 = Release|Any CPU
		{45D1ED4F-078A-43C4-9855-F987BEE7C1EE}.Debug|Any CPU.ActiveCfg = Debug|Any CPU
		{45D1ED4F-078A-43C4-9855-F987BEE7C1EE}.Debug|Any CPU.Build.0 = Debug|Any CPU
		{45D1ED4F-078A-43C4-9855-F987BEE7C1EE}.Release|Any CPU.ActiveCfg = Release|Any CPU
		{45D1ED4F-078A-43C4-9855-F987BEE7C1EE}.Release|Any CPU.Build.0 = Release|Any CPU
		{2CE86E3C-8540-40F2-AD91-F96A6CAF2C3D}.Debug|Any CPU.ActiveCfg = Debug|Any CPU
		{2CE86E3C-8540-40F2-AD91-F96A6CAF2C3D}.Debug|Any CPU.Build.0 = Debug|Any CPU
		{2CE86E3C-8540-40F2-AD91-F96A6CAF2C3D}.Release|Any CPU.ActiveCfg = Release|Any CPU
		{2CE86E3C-8540-40F2-AD91-F96A6CAF2C3D}.Release|Any CPU.Build.0 = Release|Any CPU
		{99200CB1-22D2-44F8-9CA1-7201C924E5A6}.Debug|Any CPU.ActiveCfg = Debug|Any CPU
		{99200CB1-22D2-44F8-9CA1-7201C924E5A6}.Debug|Any CPU.Build.0 = Debug|Any CPU
		{99200CB1-22D2-44F8-9CA1-7201C924E5A6}.Release|Any CPU.ActiveCfg = Release|Any CPU
		{99200CB1-22D2-44F8-9CA1-7201C924E5A6}.Release|Any CPU.Build.0 = Release|Any CPU
		{CE6FC957-A756-4F5E-B8A2-91841E931225}.Debug|Any CPU.ActiveCfg = Debug|Any CPU
		{CE6FC957-A756-4F5E-B8A2-91841E931225}.Debug|Any CPU.Build.0 = Debug|Any CPU
		{CE6FC957-A756-4F5E-B8A2-91841E931225}.Release|Any CPU.ActiveCfg = Release|Any CPU
		{CE6FC957-A756-4F5E-B8A2-91841E931225}.Release|Any CPU.Build.0 = Release|Any CPU
		{B7465BBD-F7F0-41F9-83BC-B1F59083E04C}.Debug|Any CPU.ActiveCfg = Debug|Any CPU
		{B7465BBD-F7F0-41F9-83BC-B1F59083E04C}.Debug|Any CPU.Build.0 = Debug|Any CPU
		{B7465BBD-F7F0-41F9-83BC-B1F59083E04C}.Release|Any CPU.ActiveCfg = Release|Any CPU
		{B7465BBD-F7F0-41F9-83BC-B1F59083E04C}.Release|Any CPU.Build.0 = Release|Any CPU
		{9A28D721-2ADD-42AD-ADE0-748AE05E5073}.Debug|Any CPU.ActiveCfg = Debug|Any CPU
		{9A28D721-2ADD-42AD-ADE0-748AE05E5073}.Debug|Any CPU.Build.0 = Debug|Any CPU
		{9A28D721-2ADD-42AD-ADE0-748AE05E5073}.Release|Any CPU.ActiveCfg = Release|Any CPU
		{9A28D721-2ADD-42AD-ADE0-748AE05E5073}.Release|Any CPU.Build.0 = Release|Any CPU
		{3542B43C-736A-4184-9F93-1A07B93F78EA}.Debug|Any CPU.ActiveCfg = Debug|Any CPU
		{3542B43C-736A-4184-9F93-1A07B93F78EA}.Debug|Any CPU.Build.0 = Debug|Any CPU
		{3542B43C-736A-4184-9F93-1A07B93F78EA}.Release|Any CPU.ActiveCfg = Release|Any CPU
		{3542B43C-736A-4184-9F93-1A07B93F78EA}.Release|Any CPU.Build.0 = Release|Any CPU
	EndGlobalSection
	GlobalSection(SolutionProperties) = preSolution
		HideSolutionNode = FALSE
	EndGlobalSection
	GlobalSection(NestedProjects) = preSolution
		{45D1ED4F-078A-43C4-9855-F987BEE7C1EE} = {7D153FEC-B098-4556-BAAA-3F57E8A303E3}
		{2CE86E3C-8540-40F2-AD91-F96A6CAF2C3D} = {7D153FEC-B098-4556-BAAA-3F57E8A303E3}
		{99200CB1-22D2-44F8-9CA1-7201C924E5A6} = {7D153FEC-B098-4556-BAAA-3F57E8A303E3}
		{EAA5422E-CCA5-45BC-B227-FE521B9F6357} = {4289D237-96CF-45AA-B001-486435C79207}
		{CE6FC957-A756-4F5E-B8A2-91841E931225} = {EAA5422E-CCA5-45BC-B227-FE521B9F6357}
		{B7465BBD-F7F0-41F9-83BC-B1F59083E04C} = {3BB5503E-4849-4470-B905-6718E5FE1DDC}
		{9A28D721-2ADD-42AD-ADE0-748AE05E5073} = {3BB5503E-4849-4470-B905-6718E5FE1DDC}
		{3542B43C-736A-4184-9F93-1A07B93F78EA} = {3BB5503E-4849-4470-B905-6718E5FE1DDC}
	EndGlobalSection
	GlobalSection(ExtensibilityGlobals) = postSolution
		SolutionGuid = {51F01DC5-7089-45F2-897A-E6D71C009236}
	EndGlobalSection
EndGlobal
